
Microsoft Visual Studio Solution File, Format Version 12.00
# Visual Studio Version 16
VisualStudioVersion = 16.0.31702.278
MinimumVisualStudioVersion = 10.0.40219.1
Project("{FAE04EC0-301F-11D3-BF4B-00C04F79EFBC}") = "KomodoCafe", "KomodoCafe\KomodoCafe.csproj", "{A4BE1376-A668-4078-AA32-E8B96EED48A5}"
EndProject
Project("{FAE04EC0-301F-11D3-BF4B-00C04F79EFBC}") = "KomodoCafeClasses", "KomodoCafeClasses\KomodoCafeClasses.csproj", "{322FDA30-FE11-4D24-8F0A-804C46ED6477}"
EndProject
Project("{FAE04EC0-301F-11D3-BF4B-00C04F79EFBC}") = "KomodoCafeTest", "KomodoCafeTest\KomodoCafeTest.csproj", "{88A37F26-0486-4F33-9AA4-8A08E1EF85F0}"
EndProject
Project("{FAE04EC0-301F-11D3-BF4B-00C04F79EFBC}") = "KomodoClaims", "KomodoClaims\KomodoClaims.csproj", "{F868FF1F-1F86-4C15-8CB3-C8F9E5818177}"
EndProject
Project("{FAE04EC0-301F-11D3-BF4B-00C04F79EFBC}") = "KomodoClaimsClasses", "KomodoClaimsClasses\KomodoClaimsClasses.csproj", "{CC7BC305-4EC4-4EF9-917E-A16CE485364B}"
EndProject
Project("{FAE04EC0-301F-11D3-BF4B-00C04F79EFBC}") = "KomodoClaimsTest", "KomodoClaimsTest\KomodoClaimsTest.csproj", "{AF4EEB9E-352C-4A22-97DE-AB7422D92B05}"
EndProject
Global
	GlobalSection(SolutionConfigurationPlatforms) = preSolution
		Debug|Any CPU = Debug|Any CPU
		Release|Any CPU = Release|Any CPU
	EndGlobalSection
	GlobalSection(ProjectConfigurationPlatforms) = postSolution
		{A4BE1376-A668-4078-AA32-E8B96EED48A5}.Debug|Any CPU.ActiveCfg = Debug|Any CPU
		{A4BE1376-A668-4078-AA32-E8B96EED48A5}.Debug|Any CPU.Build.0 = Debug|Any CPU
		{A4BE1376-A668-4078-AA32-E8B96EED48A5}.Release|Any CPU.ActiveCfg = Release|Any CPU
		{A4BE1376-A668-4078-AA32-E8B96EED48A5}.Release|Any CPU.Build.0 = Release|Any CPU
		{322FDA30-FE11-4D24-8F0A-804C46ED6477}.Debug|Any CPU.ActiveCfg = Debug|Any CPU
		{322FDA30-FE11-4D24-8F0A-804C46ED6477}.Debug|Any CPU.Build.0 = Debug|Any CPU
		{322FDA30-FE11-4D24-8F0A-804C46ED6477}.Release|Any CPU.ActiveCfg = Release|Any CPU
		{322FDA30-FE11-4D24-8F0A-804C46ED6477}.Release|Any CPU.Build.0 = Release|Any CPU
		{88A37F26-0486-4F33-9AA4-8A08E1EF85F0}.Debug|Any CPU.ActiveCfg = Debug|Any CPU
		{88A37F26-0486-4F33-9AA4-8A08E1EF85F0}.Debug|Any CPU.Build.0 = Debug|Any CPU
		{88A37F26-0486-4F33-9AA4-8A08E1EF85F0}.Release|Any CPU.ActiveCfg = Release|Any CPU
		{88A37F26-0486-4F33-9AA4-8A08E1EF85F0}.Release|Any CPU.Build.0 = Release|Any CPU
		{F868FF1F-1F86-4C15-8CB3-C8F9E5818177}.Debug|Any CPU.ActiveCfg = Debug|Any CPU
		{F868FF1F-1F86-4C15-8CB3-C8F9E5818177}.Debug|Any CPU.Build.0 = Debug|Any CPU
		{F868FF1F-1F86-4C15-8CB3-C8F9E5818177}.Release|Any CPU.ActiveCfg = Release|Any CPU
		{F868FF1F-1F86-4C15-8CB3-C8F9E5818177}.Release|Any CPU.Build.0 = Release|Any CPU
		{CC7BC305-4EC4-4EF9-917E-A16CE485364B}.Debug|Any CPU.ActiveCfg = Debug|Any CPU
		{CC7BC305-4EC4-4EF9-917E-A16CE485364B}.Debug|Any CPU.Build.0 = Debug|Any CPU
		{CC7BC305-4EC4-4EF9-917E-A16CE485364B}.Release|Any CPU.ActiveCfg = Release|Any CPU
		{CC7BC305-4EC4-4EF9-917E-A16CE485364B}.Release|Any CPU.Build.0 = Release|Any CPU
		{AF4EEB9E-352C-4A22-97DE-AB7422D92B05}.Debug|Any CPU.ActiveCfg = Debug|Any CPU
		{AF4EEB9E-352C-4A22-97DE-AB7422D92B05}.Debug|Any CPU.Build.0 = Debug|Any CPU
		{AF4EEB9E-352C-4A22-97DE-AB7422D92B05}.Release|Any CPU.ActiveCfg = Release|Any CPU
		{AF4EEB9E-352C-4A22-97DE-AB7422D92B05}.Release|Any CPU.Build.0 = Release|Any CPU
	EndGlobalSection
	GlobalSection(SolutionProperties) = preSolution
		HideSolutionNode = FALSE
	EndGlobalSection
	GlobalSection(ExtensibilityGlobals) = postSolution
		SolutionGuid = {01F38A1B-CB2A-4189-84EF-2FBE26C860D0}
	EndGlobalSection
EndGlobal
